
Microsoft Visual Studio Solution File, Format Version 12.00
# Visual Studio 2012
Project("{FAE04EC0-301F-11D3-BF4B-00C04F79EFBC}") = "DNQ.WeakEvents.NET45", "DNQ.WeakEvents.NET45.csproj", "{46048DD6-9863-425B-AEC9-4CC92BAC3775}"
EndProject
Global
	GlobalSection(SolutionConfigurationPlatforms) = preSolution
		NET45-Debug|x86 = NET45-Debug|x86
		NET45-Release|x86 = NET45-Release|x86
	EndGlobalSection
	GlobalSection(ProjectConfigurationPlatforms) = postSolution
		{46048DD6-9863-425B-AEC9-4CC92BAC3775}.NET45-Debug|x86.ActiveCfg = NET45-Debug|x86
		{46048DD6-9863-425B-AEC9-4CC92BAC3775}.NET45-Debug|x86.Build.0 = NET45-Debug|x86
		{46048DD6-9863-425B-AEC9-4CC92BAC3775}.NET45-Release|x86.ActiveCfg = NET45-Release|x86
		{46048DD6-9863-425B-AEC9-4CC92BAC3775}.NET45-Release|x86.Build.0 = NET45-Release|x86
	EndGlobalSection
	GlobalSection(SolutionProperties) = preSolution
		HideSolutionNode = FALSE
	EndGlobalSection
EndGlobal
